
Microsoft Visual Studio Solution File, Format Version 12.00
# Visual Studio Version 16
VisualStudioVersion = 16.0.30907.101
MinimumVisualStudioVersion = 10.0.40219.1
Project("{FAE04EC0-301F-11D3-BF4B-00C04F79EFBC}") = "M_Server", "M_Server\M_Server.csproj", "{39CD2916-C918-4960-BD6B-1417D501C137}"
EndProject
Global
	GlobalSection(SolutionConfigurationPlatforms) = preSolution
		Debug|Any CPU = Debug|Any CPU
		Release|Any CPU = Release|Any CPU
	EndGlobalSection
	GlobalSection(ProjectConfigurationPlatforms) = postSolution
		{39CD2916-C918-4960-BD6B-1417D501C137}.Debug|Any CPU.ActiveCfg = Debug|Any CPU
		{39CD2916-C918-4960-BD6B-1417D501C137}.Debug|Any CPU.Build.0 = Debug|Any CPU
		{39CD2916-C918-4960-BD6B-1417D501C137}.Release|Any CPU.ActiveCfg = Release|Any CPU
		{39CD2916-C918-4960-BD6B-1417D501C137}.Release|Any CPU.Build.0 = Release|Any CPU
	EndGlobalSection
	GlobalSection(SolutionProperties) = preSolution
		HideSolutionNode = FALSE
	EndGlobalSection
	GlobalSection(ExtensibilityGlobals) = postSolution
		SolutionGuid = {8571CE16-95B2-4D14-B50F-05720C1499D6}
	EndGlobalSection
EndGlobal
